
Microsoft Visual Studio Solution File, Format Version 12.00
# Visual Studio Version 16
VisualStudioVersion = 16.0.30413.136
MinimumVisualStudioVersion = 10.0.40219.1
Project("{FAE04EC0-301F-11D3-BF4B-00C04F79EFBC}") = "test_srvc", "test_srvc\test_srvc.csproj", "{4C2EE51C-B5DD-4207-8783-8EB12796F883}"
EndProject
Global
	GlobalSection(SolutionConfigurationPlatforms) = preSolution
		Debug|Any CPU = Debug|Any CPU
		Release|Any CPU = Release|Any CPU
	EndGlobalSection
	GlobalSection(ProjectConfigurationPlatforms) = postSolution
		{4C2EE51C-B5DD-4207-8783-8EB12796F883}.Debug|Any CPU.ActiveCfg = Debug|Any CPU
		{4C2EE51C-B5DD-4207-8783-8EB12796F883}.Debug|Any CPU.Build.0 = Debug|Any CPU
		{4C2EE51C-B5DD-4207-8783-8EB12796F883}.Release|Any CPU.ActiveCfg = Release|Any CPU
		{4C2EE51C-B5DD-4207-8783-8EB12796F883}.Release|Any CPU.Build.0 = Release|Any CPU
	EndGlobalSection
	GlobalSection(SolutionProperties) = preSolution
		HideSolutionNode = FALSE
	EndGlobalSection
	GlobalSection(ExtensibilityGlobals) = postSolution
		SolutionGuid = {E782EC21-EE66-4910-8374-AFBE57557714}
	EndGlobalSection
EndGlobal
